
Microsoft Visual Studio Solution File, Format Version 12.00
# Visual Studio Version 17
VisualStudioVersion = 17.14.36202.13 d17.14
MinimumVisualStudioVersion = 10.0.40219.1
Project("{FAE04EC0-301F-11D3-BF4B-00C04F79EFBC}") = "Readify_Library", "Readify_Library.csproj", "{D44A7784-C78B-4597-AA24-326492274F10}"
EndProject
Global
	GlobalSection(SolutionConfigurationPlatforms) = preSolution
		Debug|Any CPU = Debug|Any CPU
		Release|Any CPU = Release|Any CPU
	EndGlobalSection
	GlobalSection(ProjectConfigurationPlatforms) = postSolution
		{D44A7784-C78B-4597-AA24-326492274F10}.Debug|Any CPU.ActiveCfg = Debug|Any CPU
		{D44A7784-C78B-4597-AA24-326492274F10}.Debug|Any CPU.Build.0 = Debug|Any CPU
		{D44A7784-C78B-4597-AA24-326492274F10}.Release|Any CPU.ActiveCfg = Release|Any CPU
		{D44A7784-C78B-4597-AA24-326492274F10}.Release|Any CPU.Build.0 = Release|Any CPU
	EndGlobalSection
	GlobalSection(SolutionProperties) = preSolution
		HideSolutionNode = FALSE
	EndGlobalSection
	GlobalSection(ExtensibilityGlobals) = postSolution
		SolutionGuid = {CFFDB3A1-F069-49CC-9B18-C5A6BE18CE42}
	EndGlobalSection
EndGlobal
